{
  "version": 4,
  "terraform_version": "1.8.0",
  "serial": 5,
  "lineage": "9cf8175c-4f2f-2701-be41-56e014297446",
  "outputs": {},
  "resources": [
    {
      "module": "module.resource_group",
      "mode": "managed",
      "type": "azurerm_resource_group",
      "name": "arg",
      "provider": "module.resource_group.provider[\"registry.terraform.io/hashicorp/azurerm\"]",
      "instances": [
        {
          "schema_version": 0,
          "attributes": {
            "id": "/subscriptions/33026753-f02d-4d4e-9133-e9ef846aeab5/resourceGroups/arg-dev-r1-poc-01",
            "location": "australiasoutheast",
            "managed_by": "",
            "name": "arg-dev-r1-poc-01",
            "tags": {
              "CostCentre": "11-3521-86105-351914-0000",
              "DeploymentType": "Terraform",
              "Environment": "Development",
              "Service": "Auth Store",
              "ServiceDescription": "Auth Store Test resources",
              "ServiceOwner": "Matt Stokeld",
              "ServiceOwnerGroup": "IMTD - Infrastructure Engineering",
              "TechnicalContact": "Anup Pokhrel",
              "TechnicalContactGroup": "IMTD - Infrastructure Engineering"
            },
            "timeouts": null
          },
          "sensitive_attributes": [],
          "private": "eyJlMmJmYjczMC1lY2FhLTExZTYtOGY4OC0zNDM2M2JjN2M0YzAiOnsiY3JlYXRlIjo1NDAwMDAwMDAwMDAwLCJkZWxldGUiOjU0MDAwMDAwMDAwMDAsInJlYWQiOjMwMDAwMDAwMDAwMCwidXBkYXRlIjo1NDAwMDAwMDAwMDAwfX0="
        }
      ]
    }
  ],
  "check_results": null
}
