{
  "version": 4,
  "terraform_version": "1.8.0",
  "serial": 18,
  "lineage": "58d0f2f7-0c35-d9ec-aaf8-700177dc2d61",
  "outputs": {},
  "resources": [
    {
      "mode": "managed",
      "type": "azurerm_private_dns_a_record",
      "name": "dnspepsta",
      "provider": "provider[\"registry.terraform.io/hashicorp/azurerm\"].CoreServices",
      "instances": [
        {
          "index_key": "stadevr1abcd01",
          "schema_version": 0,
          "attributes": {
            "fqdn": "stadevr1abcd01.privatelink.blob.core.windows.net.",
            "id": "/subscriptions/33026753-f02d-4d4e-9133-e9ef846aeab5/resourceGroups/arg-dev-r1-poc-01/providers/Microsoft.Network/privateDnsZones/privatelink.blob.core.windows.net/A/stadevr1abcd01",
            "name": "stadevr1abcd01",
            "records": [
              "10.0.1.4"
            ],
            "resource_group_name": "arg-dev-r1-poc-01",
            "tags": {},
            "timeouts": null,
            "ttl": 10,
            "zone_name": "privatelink.blob.core.windows.net"
          },
          "sensitive_attributes": [],
          "private": "eyJlMmJmYjczMC1lY2FhLTExZTYtOGY4OC0zNDM2M2JjN2M0YzAiOnsiY3JlYXRlIjoxODAwMDAwMDAwMDAwLCJkZWxldGUiOjE4MDAwMDAwMDAwMDAsInJlYWQiOjMwMDAwMDAwMDAwMCwidXBkYXRlIjoxODAwMDAwMDAwMDAwfX0=",
          "dependencies": [
            "azurerm_private_dns_zone.dnszone",
            "azurerm_private_endpoint.pepsta",
            "azurerm_resource_group.arg",
            "azurerm_storage_account.sta",
            "azurerm_subnet.pepstasbnt",
            "azurerm_virtual_network.vnt"
          ]
        }
      ]
    },
    {
      "mode": "managed",
      "type": "azurerm_private_dns_zone",
      "name": "dnszone",
      "provider": "provider[\"registry.terraform.io/hashicorp/azurerm\"].CoreServices",
      "instances": [
        {
          "index_key": "blob",
          "schema_version": 0,
          "attributes": {
            "id": "/subscriptions/33026753-f02d-4d4e-9133-e9ef846aeab5/resourceGroups/arg-dev-r1-poc-01/providers/Microsoft.Network/privateDnsZones/privatelink.blob.core.windows.net",
            "max_number_of_record_sets": 25000,
            "max_number_of_virtual_network_links": 1000,
            "max_number_of_virtual_network_links_with_registration": 100,
            "name": "privatelink.blob.core.windows.net",
            "number_of_record_sets": 2,
            "resource_group_name": "arg-dev-r1-poc-01",
            "soa_record": [
              {
                "email": "azureprivatedns-host.microsoft.com",
                "expire_time": 2419200,
                "fqdn": "privatelink.blob.core.windows.net.",
                "host_name": "azureprivatedns.net",
                "minimum_ttl": 10,
                "refresh_time": 3600,
                "retry_time": 300,
                "serial_number": 1,
                "tags": {},
                "ttl": 3600
              }
            ],
            "tags": {},
            "timeouts": null
          },
          "sensitive_attributes": [],
          "private": "eyJlMmJmYjczMC1lY2FhLTExZTYtOGY4OC0zNDM2M2JjN2M0YzAiOnsiY3JlYXRlIjoxODAwMDAwMDAwMDAwLCJkZWxldGUiOjE4MDAwMDAwMDAwMDAsInJlYWQiOjMwMDAwMDAwMDAwMCwidXBkYXRlIjoxODAwMDAwMDAwMDAwfX0=",
          "dependencies": [
            "azurerm_resource_group.arg"
          ]
        },
        {
          "index_key": "file",
          "schema_version": 0,
          "attributes": {
            "id": "/subscriptions/33026753-f02d-4d4e-9133-e9ef846aeab5/resourceGroups/arg-dev-r1-poc-01/providers/Microsoft.Network/privateDnsZones/privatelink.file.core.windows.net",
            "max_number_of_record_sets": 25000,
            "max_number_of_virtual_network_links": 1000,
            "max_number_of_virtual_network_links_with_registration": 100,
            "name": "privatelink.file.core.windows.net",
            "number_of_record_sets": 1,
            "resource_group_name": "arg-dev-r1-poc-01",
            "soa_record": [
              {
                "email": "azureprivatedns-host.microsoft.com",
                "expire_time": 2419200,
                "fqdn": "privatelink.file.core.windows.net.",
                "host_name": "azureprivatedns.net",
                "minimum_ttl": 10,
                "refresh_time": 3600,
                "retry_time": 300,
                "serial_number": 1,
                "tags": {},
                "ttl": 3600
              }
            ],
            "tags": {},
            "timeouts": null
          },
          "sensitive_attributes": [],
          "private": "eyJlMmJmYjczMC1lY2FhLTExZTYtOGY4OC0zNDM2M2JjN2M0YzAiOnsiY3JlYXRlIjoxODAwMDAwMDAwMDAwLCJkZWxldGUiOjE4MDAwMDAwMDAwMDAsInJlYWQiOjMwMDAwMDAwMDAwMCwidXBkYXRlIjoxODAwMDAwMDAwMDAwfX0=",
          "dependencies": [
            "azurerm_resource_group.arg"
          ]
        },
        {
          "index_key": "queue",
          "schema_version": 0,
          "attributes": {
            "id": "/subscriptions/33026753-f02d-4d4e-9133-e9ef846aeab5/resourceGroups/arg-dev-r1-poc-01/providers/Microsoft.Network/privateDnsZones/privatelink.queue.core.windows.net",
            "max_number_of_record_sets": 25000,
            "max_number_of_virtual_network_links": 1000,
            "max_number_of_virtual_network_links_with_registration": 100,
            "name": "privatelink.queue.core.windows.net",
            "number_of_record_sets": 1,
            "resource_group_name": "arg-dev-r1-poc-01",
            "soa_record": [
              {
                "email": "azureprivatedns-host.microsoft.com",
                "expire_time": 2419200,
                "fqdn": "privatelink.queue.core.windows.net.",
                "host_name": "azureprivatedns.net",
                "minimum_ttl": 10,
                "refresh_time": 3600,
                "retry_time": 300,
                "serial_number": 1,
                "tags": {},
                "ttl": 3600
              }
            ],
            "tags": {},
            "timeouts": null
          },
          "sensitive_attributes": [],
          "private": "eyJlMmJmYjczMC1lY2FhLTExZTYtOGY4OC0zNDM2M2JjN2M0YzAiOnsiY3JlYXRlIjoxODAwMDAwMDAwMDAwLCJkZWxldGUiOjE4MDAwMDAwMDAwMDAsInJlYWQiOjMwMDAwMDAwMDAwMCwidXBkYXRlIjoxODAwMDAwMDAwMDAwfX0=",
          "dependencies": [
            "azurerm_resource_group.arg"
          ]
        },
        {
          "index_key": "sites",
          "schema_version": 0,
          "attributes": {
            "id": "/subscriptions/33026753-f02d-4d4e-9133-e9ef846aeab5/resourceGroups/arg-dev-r1-poc-01/providers/Microsoft.Network/privateDnsZones/privatelink.azurewebsites.net",
            "max_number_of_record_sets": 25000,
            "max_number_of_virtual_network_links": 1000,
            "max_number_of_virtual_network_links_with_registration": 100,
            "name": "privatelink.azurewebsites.net",
            "number_of_record_sets": 1,
            "resource_group_name": "arg-dev-r1-poc-01",
            "soa_record": [
              {
                "email": "azureprivatedns-host.microsoft.com",
                "expire_time": 2419200,
                "fqdn": "privatelink.azurewebsites.net.",
                "host_name": "azureprivatedns.net",
                "minimum_ttl": 10,
                "refresh_time": 3600,
                "retry_time": 300,
                "serial_number": 1,
                "tags": {},
                "ttl": 3600
              }
            ],
            "tags": {},
            "timeouts": null
          },
          "sensitive_attributes": [],
          "private": "eyJlMmJmYjczMC1lY2FhLTExZTYtOGY4OC0zNDM2M2JjN2M0YzAiOnsiY3JlYXRlIjoxODAwMDAwMDAwMDAwLCJkZWxldGUiOjE4MDAwMDAwMDAwMDAsInJlYWQiOjMwMDAwMDAwMDAwMCwidXBkYXRlIjoxODAwMDAwMDAwMDAwfX0=",
          "dependencies": [
            "azurerm_resource_group.arg"
          ]
        },
        {
          "index_key": "sqlServer",
          "schema_version": 0,
          "attributes": {
            "id": "/subscriptions/33026753-f02d-4d4e-9133-e9ef846aeab5/resourceGroups/arg-dev-r1-poc-01/providers/Microsoft.Network/privateDnsZones/privatelink.database.windows.net",
            "max_number_of_record_sets": 25000,
            "max_number_of_virtual_network_links": 1000,
            "max_number_of_virtual_network_links_with_registration": 100,
            "name": "privatelink.database.windows.net",
            "number_of_record_sets": 1,
            "resource_group_name": "arg-dev-r1-poc-01",
            "soa_record": [
              {
                "email": "azureprivatedns-host.microsoft.com",
                "expire_time": 2419200,
                "fqdn": "privatelink.database.windows.net.",
                "host_name": "azureprivatedns.net",
                "minimum_ttl": 10,
                "refresh_time": 3600,
                "retry_time": 300,
                "serial_number": 1,
                "tags": {},
                "ttl": 3600
              }
            ],
            "tags": {},
            "timeouts": null
          },
          "sensitive_attributes": [],
          "private": "eyJlMmJmYjczMC1lY2FhLTExZTYtOGY4OC0zNDM2M2JjN2M0YzAiOnsiY3JlYXRlIjoxODAwMDAwMDAwMDAwLCJkZWxldGUiOjE4MDAwMDAwMDAwMDAsInJlYWQiOjMwMDAwMDAwMDAwMCwidXBkYXRlIjoxODAwMDAwMDAwMDAwfX0=",
          "dependencies": [
            "azurerm_resource_group.arg"
          ]
        },
        {
          "index_key": "table",
          "schema_version": 0,
          "attributes": {
            "id": "/subscriptions/33026753-f02d-4d4e-9133-e9ef846aeab5/resourceGroups/arg-dev-r1-poc-01/providers/Microsoft.Network/privateDnsZones/privatelink.table.core.windows.net",
            "max_number_of_record_sets": 25000,
            "max_number_of_virtual_network_links": 1000,
            "max_number_of_virtual_network_links_with_registration": 100,
            "name": "privatelink.table.core.windows.net",
            "number_of_record_sets": 1,
            "resource_group_name": "arg-dev-r1-poc-01",
            "soa_record": [
              {
                "email": "azureprivatedns-host.microsoft.com",
                "expire_time": 2419200,
                "fqdn": "privatelink.table.core.windows.net.",
                "host_name": "azureprivatedns.net",
                "minimum_ttl": 10,
                "refresh_time": 3600,
                "retry_time": 300,
                "serial_number": 1,
                "tags": {},
                "ttl": 3600
              }
            ],
            "tags": {},
            "timeouts": null
          },
          "sensitive_attributes": [],
          "private": "eyJlMmJmYjczMC1lY2FhLTExZTYtOGY4OC0zNDM2M2JjN2M0YzAiOnsiY3JlYXRlIjoxODAwMDAwMDAwMDAwLCJkZWxldGUiOjE4MDAwMDAwMDAwMDAsInJlYWQiOjMwMDAwMDAwMDAwMCwidXBkYXRlIjoxODAwMDAwMDAwMDAwfX0=",
          "dependencies": [
            "azurerm_resource_group.arg"
          ]
        },
        {
          "index_key": "vault",
          "schema_version": 0,
          "attributes": {
            "id": "/subscriptions/33026753-f02d-4d4e-9133-e9ef846aeab5/resourceGroups/arg-dev-r1-poc-01/providers/Microsoft.Network/privateDnsZones/privatelink.vaultcore.azure.net",
            "max_number_of_record_sets": 25000,
            "max_number_of_virtual_network_links": 1000,
            "max_number_of_virtual_network_links_with_registration": 100,
            "name": "privatelink.vaultcore.azure.net",
            "number_of_record_sets": 1,
            "resource_group_name": "arg-dev-r1-poc-01",
            "soa_record": [
              {
                "email": "azureprivatedns-host.microsoft.com",
                "expire_time": 2419200,
                "fqdn": "privatelink.vaultcore.azure.net.",
                "host_name": "azureprivatedns.net",
                "minimum_ttl": 10,
                "refresh_time": 3600,
                "retry_time": 300,
                "serial_number": 1,
                "tags": {},
                "ttl": 3600
              }
            ],
            "tags": {},
            "timeouts": null
          },
          "sensitive_attributes": [],
          "private": "eyJlMmJmYjczMC1lY2FhLTExZTYtOGY4OC0zNDM2M2JjN2M0YzAiOnsiY3JlYXRlIjoxODAwMDAwMDAwMDAwLCJkZWxldGUiOjE4MDAwMDAwMDAwMDAsInJlYWQiOjMwMDAwMDAwMDAwMCwidXBkYXRlIjoxODAwMDAwMDAwMDAwfX0=",
          "dependencies": [
            "azurerm_resource_group.arg"
          ]
        },
        {
          "index_key": "web",
          "schema_version": 0,
          "attributes": {
            "id": "/subscriptions/33026753-f02d-4d4e-9133-e9ef846aeab5/resourceGroups/arg-dev-r1-poc-01/providers/Microsoft.Network/privateDnsZones/privatelink.web.core.windows.net",
            "max_number_of_record_sets": 25000,
            "max_number_of_virtual_network_links": 1000,
            "max_number_of_virtual_network_links_with_registration": 100,
            "name": "privatelink.web.core.windows.net",
            "number_of_record_sets": 1,
            "resource_group_name": "arg-dev-r1-poc-01",
            "soa_record": [
              {
                "email": "azureprivatedns-host.microsoft.com",
                "expire_time": 2419200,
                "fqdn": "privatelink.web.core.windows.net.",
                "host_name": "azureprivatedns.net",
                "minimum_ttl": 10,
                "refresh_time": 3600,
                "retry_time": 300,
                "serial_number": 1,
                "tags": {},
                "ttl": 3600
              }
            ],
            "tags": {},
            "timeouts": null
          },
          "sensitive_attributes": [],
          "private": "eyJlMmJmYjczMC1lY2FhLTExZTYtOGY4OC0zNDM2M2JjN2M0YzAiOnsiY3JlYXRlIjoxODAwMDAwMDAwMDAwLCJkZWxldGUiOjE4MDAwMDAwMDAwMDAsInJlYWQiOjMwMDAwMDAwMDAwMCwidXBkYXRlIjoxODAwMDAwMDAwMDAwfX0=",
          "dependencies": [
            "azurerm_resource_group.arg"
          ]
        }
      ]
    },
    {
      "mode": "managed",
      "type": "azurerm_private_endpoint",
      "name": "pepsta",
      "provider": "provider[\"registry.terraform.io/hashicorp/azurerm\"]",
      "instances": [
        {
          "index_key": "stadevr1abcd01",
          "schema_version": 0,
          "attributes": {
            "custom_dns_configs": [
              {
                "fqdn": "stadevr1abcd01.blob.core.windows.net",
                "ip_addresses": [
                  "10.0.1.4"
                ]
              }
            ],
            "custom_network_interface_name": "",
            "id": "/subscriptions/33026753-f02d-4d4e-9133-e9ef846aeab5/resourceGroups/arg-dev-r1-poc-01/providers/Microsoft.Network/privateEndpoints/pep-stadevr1abcd01",
            "ip_configuration": [],
            "location": "australiasoutheast",
            "name": "pep-stadevr1abcd01",
            "network_interface": [
              {
                "id": "/subscriptions/33026753-f02d-4d4e-9133-e9ef846aeab5/resourceGroups/arg-dev-r1-poc-01/providers/Microsoft.Network/networkInterfaces/pep-stadevr1abcd01.nic.1a90f64a-f0c8-4a56-aaeb-ac97f10d3ce0",
                "name": "pep-stadevr1abcd01.nic.1a90f64a-f0c8-4a56-aaeb-ac97f10d3ce0"
              }
            ],
            "private_dns_zone_configs": [],
            "private_dns_zone_group": [],
            "private_service_connection": [
              {
                "is_manual_connection": false,
                "name": "pep-stadevr1abcd01-psc",
                "private_connection_resource_alias": "",
                "private_connection_resource_id": "/subscriptions/33026753-f02d-4d4e-9133-e9ef846aeab5/resourceGroups/arg-dev-r1-poc-01/providers/Microsoft.Storage/storageAccounts/stadevr1abcd01",
                "private_ip_address": "10.0.1.4",
                "request_message": "",
                "subresource_names": [
                  "blob"
                ]
              }
            ],
            "resource_group_name": "arg-dev-r1-poc-01",
            "subnet_id": "/subscriptions/33026753-f02d-4d4e-9133-e9ef846aeab5/resourceGroups/arg-dev-r1-poc-01/providers/Microsoft.Network/virtualNetworks/vnt-dev-r1-01/subnets/Data",
            "tags": {
              "CostCentre": "11-3552-86105-355108-0000",
              "DeploymentType": "Terraform",
              "Environment": "Development",
              "Service": "\u003cSERVICE\u003e",
              "ServiceDescription": "Azure resources for the SERVICE",
              "ServiceOwner": "Matt Stokeld",
              "ServiceOwnerGroup": "IMTD - Infrastructure Engineering",
              "TechnicalContact": "Ravneet Chalana",
              "TechnicalContactGroup": "IMTD - Infrastructure Engineering"
            },
            "timeouts": null
          },
          "sensitive_attributes": [],
          "private": "eyJlMmJmYjczMC1lY2FhLTExZTYtOGY4OC0zNDM2M2JjN2M0YzAiOnsiY3JlYXRlIjozNjAwMDAwMDAwMDAwLCJkZWxldGUiOjM2MDAwMDAwMDAwMDAsInJlYWQiOjMwMDAwMDAwMDAwMCwidXBkYXRlIjozNjAwMDAwMDAwMDAwfX0=",
          "dependencies": [
            "azurerm_resource_group.arg",
            "azurerm_storage_account.sta",
            "azurerm_subnet.pepstasbnt",
            "azurerm_virtual_network.vnt"
          ]
        }
      ]
    },
    {
      "mode": "managed",
      "type": "azurerm_resource_group",
      "name": "arg",
      "provider": "provider[\"registry.terraform.io/hashicorp/azurerm\"]",
      "instances": [
        {
          "schema_version": 0,
          "attributes": {
            "id": "/subscriptions/33026753-f02d-4d4e-9133-e9ef846aeab5/resourceGroups/arg-dev-r1-poc-01",
            "location": "australiasoutheast",
            "managed_by": "",
            "name": "arg-dev-r1-poc-01",
            "tags": {
              "CostCentre": "11-3552-86105-355108-0000",
              "DeploymentType": "Terraform",
              "Environment": "Development",
              "Service": "\u003cSERVICE\u003e",
              "ServiceDescription": "Azure resources for the SERVICE",
              "ServiceOwner": "Matt Stokeld",
              "ServiceOwnerGroup": "IMTD - Infrastructure Engineering",
              "TechnicalContact": "Ravneet Chalana",
              "TechnicalContactGroup": "IMTD - Infrastructure Engineering"
            },
            "timeouts": null
          },
          "sensitive_attributes": [],
          "private": "eyJlMmJmYjczMC1lY2FhLTExZTYtOGY4OC0zNDM2M2JjN2M0YzAiOnsiY3JlYXRlIjo1NDAwMDAwMDAwMDAwLCJkZWxldGUiOjU0MDAwMDAwMDAwMDAsInJlYWQiOjMwMDAwMDAwMDAwMCwidXBkYXRlIjo1NDAwMDAwMDAwMDAwfX0="
        }
      ]
    },
    {
      "mode": "managed",
      "type": "azurerm_storage_account",
      "name": "sta",
      "provider": "provider[\"registry.terraform.io/hashicorp/azurerm\"]",
      "instances": [
        {
          "index_key": "stadevr1abcd01",
          "schema_version": 4,
          "attributes": {
            "access_tier": "Hot",
            "account_kind": "StorageV2",
            "account_replication_type": "GRS",
            "account_tier": "Standard",
            "allow_nested_items_to_be_public": true,
            "allowed_copy_scope": "",
            "azure_files_authentication": [],
            "blob_properties": [
              {
                "change_feed_enabled": false,
                "change_feed_retention_in_days": 0,
                "container_delete_retention_policy": [
                  {
                    "days": 31
                  }
                ],
                "cors_rule": [],
                "default_service_version": "",
                "delete_retention_policy": [
                  {
                    "days": 31
                  }
                ],
                "last_access_time_enabled": false,
                "restore_policy": [],
                "versioning_enabled": true
              }
            ],
            "cross_tenant_replication_enabled": true,
            "custom_domain": [],
            "customer_managed_key": [],
            "default_to_oauth_authentication": false,
            "dns_endpoint_type": "Standard",
            "edge_zone": "",
            "enable_https_traffic_only": true,
            "id": "/subscriptions/33026753-f02d-4d4e-9133-e9ef846aeab5/resourceGroups/arg-dev-r1-poc-01/providers/Microsoft.Storage/storageAccounts/stadevr1abcd01",
            "identity": [],
            "immutability_policy": [],
            "infrastructure_encryption_enabled": false,
            "is_hns_enabled": false,
            "large_file_share_enabled": null,
            "local_user_enabled": true,
            "location": "australiasoutheast",
            "min_tls_version": "TLS1_2",
            "name": "stadevr1abcd01",
            "network_rules": [
              {
                "bypass": [
                  "AzureServices"
                ],
                "default_action": "Deny",
                "ip_rules": [],
                "private_link_access": [],
                "virtual_network_subnet_ids": []
              }
            ],
            "nfsv3_enabled": false,
            "primary_access_key": "1lS+capmh/vdCFpdqTuG1lEH/IRn/aEkczL59zgLqQrXDh/3Wiw4o8lNLVrrJP1VJ6v1qBlElqEl+ASt1t4gIA==",
            "primary_blob_connection_string": "DefaultEndpointsProtocol=https;BlobEndpoint=https://stadevr1abcd01.blob.core.windows.net/;AccountName=stadevr1abcd01;AccountKey=1lS+capmh/vdCFpdqTuG1lEH/IRn/aEkczL59zgLqQrXDh/3Wiw4o8lNLVrrJP1VJ6v1qBlElqEl+ASt1t4gIA==",
            "primary_blob_endpoint": "https://stadevr1abcd01.blob.core.windows.net/",
            "primary_blob_host": "stadevr1abcd01.blob.core.windows.net",
            "primary_blob_internet_endpoint": "",
            "primary_blob_internet_host": "",
            "primary_blob_microsoft_endpoint": "",
            "primary_blob_microsoft_host": "",
            "primary_connection_string": "DefaultEndpointsProtocol=https;AccountName=stadevr1abcd01;AccountKey=1lS+capmh/vdCFpdqTuG1lEH/IRn/aEkczL59zgLqQrXDh/3Wiw4o8lNLVrrJP1VJ6v1qBlElqEl+ASt1t4gIA==;EndpointSuffix=core.windows.net",
            "primary_dfs_endpoint": "https://stadevr1abcd01.dfs.core.windows.net/",
            "primary_dfs_host": "stadevr1abcd01.dfs.core.windows.net",
            "primary_dfs_internet_endpoint": "",
            "primary_dfs_internet_host": "",
            "primary_dfs_microsoft_endpoint": "",
            "primary_dfs_microsoft_host": "",
            "primary_file_endpoint": "https://stadevr1abcd01.file.core.windows.net/",
            "primary_file_host": "stadevr1abcd01.file.core.windows.net",
            "primary_file_internet_endpoint": "",
            "primary_file_internet_host": "",
            "primary_file_microsoft_endpoint": "",
            "primary_file_microsoft_host": "",
            "primary_location": "australiasoutheast",
            "primary_queue_endpoint": "https://stadevr1abcd01.queue.core.windows.net/",
            "primary_queue_host": "stadevr1abcd01.queue.core.windows.net",
            "primary_queue_microsoft_endpoint": "",
            "primary_queue_microsoft_host": "",
            "primary_table_endpoint": "https://stadevr1abcd01.table.core.windows.net/",
            "primary_table_host": "stadevr1abcd01.table.core.windows.net",
            "primary_table_microsoft_endpoint": "",
            "primary_table_microsoft_host": "",
            "primary_web_endpoint": "https://stadevr1abcd01.z26.web.core.windows.net/",
            "primary_web_host": "stadevr1abcd01.z26.web.core.windows.net",
            "primary_web_internet_endpoint": "",
            "primary_web_internet_host": "",
            "primary_web_microsoft_endpoint": "",
            "primary_web_microsoft_host": "",
            "public_network_access_enabled": true,
            "queue_encryption_key_type": "Service",
            "queue_properties": [
              {
                "cors_rule": [],
                "hour_metrics": [
                  {
                    "enabled": true,
                    "include_apis": true,
                    "retention_policy_days": 7,
                    "version": "1.0"
                  }
                ],
                "logging": [
                  {
                    "delete": false,
                    "read": false,
                    "retention_policy_days": 0,
                    "version": "1.0",
                    "write": false
                  }
                ],
                "minute_metrics": [
                  {
                    "enabled": false,
                    "include_apis": false,
                    "retention_policy_days": 0,
                    "version": "1.0"
                  }
                ]
              }
            ],
            "resource_group_name": "arg-dev-r1-poc-01",
            "routing": [],
            "sas_policy": [],
            "secondary_access_key": "MnuDU1hO18WZnmYoEtOG77nBPr8X84P6C9QJcoAFl4+0Y57f42hcwtEBlunzAwbhpZhNf+IpC6Or+AStXQVrvQ==",
            "secondary_blob_connection_string": "",
            "secondary_blob_endpoint": null,
            "secondary_blob_host": null,
            "secondary_blob_internet_endpoint": null,
            "secondary_blob_internet_host": null,
            "secondary_blob_microsoft_endpoint": null,
            "secondary_blob_microsoft_host": null,
            "secondary_connection_string": "DefaultEndpointsProtocol=https;AccountName=stadevr1abcd01;AccountKey=MnuDU1hO18WZnmYoEtOG77nBPr8X84P6C9QJcoAFl4+0Y57f42hcwtEBlunzAwbhpZhNf+IpC6Or+AStXQVrvQ==;EndpointSuffix=core.windows.net",
            "secondary_dfs_endpoint": null,
            "secondary_dfs_host": null,
            "secondary_dfs_internet_endpoint": null,
            "secondary_dfs_internet_host": null,
            "secondary_dfs_microsoft_endpoint": null,
            "secondary_dfs_microsoft_host": null,
            "secondary_file_endpoint": null,
            "secondary_file_host": null,
            "secondary_file_internet_endpoint": null,
            "secondary_file_internet_host": null,
            "secondary_file_microsoft_endpoint": null,
            "secondary_file_microsoft_host": null,
            "secondary_location": "australiaeast",
            "secondary_queue_endpoint": null,
            "secondary_queue_host": null,
            "secondary_queue_microsoft_endpoint": null,
            "secondary_queue_microsoft_host": null,
            "secondary_table_endpoint": null,
            "secondary_table_host": null,
            "secondary_table_microsoft_endpoint": null,
            "secondary_table_microsoft_host": null,
            "secondary_web_endpoint": null,
            "secondary_web_host": null,
            "secondary_web_internet_endpoint": null,
            "secondary_web_internet_host": null,
            "secondary_web_microsoft_endpoint": null,
            "secondary_web_microsoft_host": null,
            "sftp_enabled": false,
            "share_properties": [
              {
                "cors_rule": [],
                "retention_policy": [
                  {
                    "days": 7
                  }
                ],
                "smb": []
              }
            ],
            "shared_access_key_enabled": true,
            "static_website": [],
            "table_encryption_key_type": "Service",
            "tags": {
              "CostCentre": "11-3552-86105-355108-0000",
              "DeploymentType": "Terraform",
              "Environment": "Development",
              "Service": "\u003cSERVICE\u003e",
              "ServiceDescription": "Azure resources for the SERVICE",
              "ServiceOwner": "Matt Stokeld",
              "ServiceOwnerGroup": "IMTD - Infrastructure Engineering",
              "TechnicalContact": "Ravneet Chalana",
              "TechnicalContactGroup": "IMTD - Infrastructure Engineering"
            },
            "timeouts": null
          },
          "sensitive_attributes": [
            [
              {
                "type": "get_attr",
                "value": "primary_blob_connection_string"
              }
            ],
            [
              {
                "type": "get_attr",
                "value": "secondary_access_key"
              }
            ],
            [
              {
                "type": "get_attr",
                "value": "primary_access_key"
              }
            ],
            [
              {
                "type": "get_attr",
                "value": "primary_connection_string"
              }
            ],
            [
              {
                "type": "get_attr",
                "value": "secondary_blob_connection_string"
              }
            ],
            [
              {
                "type": "get_attr",
                "value": "secondary_connection_string"
              }
            ]
          ],
          "private": "eyJlMmJmYjczMC1lY2FhLTExZTYtOGY4OC0zNDM2M2JjN2M0YzAiOnsiY3JlYXRlIjozNjAwMDAwMDAwMDAwLCJkZWxldGUiOjM2MDAwMDAwMDAwMDAsInJlYWQiOjMwMDAwMDAwMDAwMCwidXBkYXRlIjozNjAwMDAwMDAwMDAwfSwic2NoZW1hX3ZlcnNpb24iOiI0In0=",
          "dependencies": [
            "azurerm_resource_group.arg"
          ]
        }
      ]
    },
    {
      "mode": "managed",
      "type": "azurerm_subnet",
      "name": "pepstasbnt",
      "provider": "provider[\"registry.terraform.io/hashicorp/azurerm\"]",
      "instances": [
        {
          "index_key": "Data",
          "schema_version": 0,
          "attributes": {
            "address_prefixes": [
              "10.0.1.0/24"
            ],
            "delegation": [],
            "enforce_private_link_endpoint_network_policies": false,
            "enforce_private_link_service_network_policies": false,
            "id": "/subscriptions/33026753-f02d-4d4e-9133-e9ef846aeab5/resourceGroups/arg-dev-r1-poc-01/providers/Microsoft.Network/virtualNetworks/vnt-dev-r1-01/subnets/Data",
            "name": "Data",
            "private_endpoint_network_policies_enabled": true,
            "private_link_service_network_policies_enabled": true,
            "resource_group_name": "arg-dev-r1-poc-01",
            "service_endpoint_policy_ids": [],
            "service_endpoints": [],
            "timeouts": null,
            "virtual_network_name": "vnt-dev-r1-01"
          },
          "sensitive_attributes": [],
          "private": "eyJlMmJmYjczMC1lY2FhLTExZTYtOGY4OC0zNDM2M2JjN2M0YzAiOnsiY3JlYXRlIjoxODAwMDAwMDAwMDAwLCJkZWxldGUiOjE4MDAwMDAwMDAwMDAsInJlYWQiOjMwMDAwMDAwMDAwMCwidXBkYXRlIjoxODAwMDAwMDAwMDAwfX0=",
          "dependencies": [
            "azurerm_resource_group.arg",
            "azurerm_virtual_network.vnt"
          ]
        }
      ]
    },
    {
      "mode": "managed",
      "type": "azurerm_virtual_network",
      "name": "vnt",
      "provider": "provider[\"registry.terraform.io/hashicorp/azurerm\"]",
      "instances": [
        {
          "schema_version": 0,
          "attributes": {
            "address_space": [
              "10.0.0.0/16"
            ],
            "bgp_community": "",
            "ddos_protection_plan": [],
            "dns_servers": [],
            "edge_zone": "",
            "encryption": [],
            "flow_timeout_in_minutes": 0,
            "guid": "bea00a88-a1da-4526-aeae-0f5192ef13bf",
            "id": "/subscriptions/33026753-f02d-4d4e-9133-e9ef846aeab5/resourceGroups/arg-dev-r1-poc-01/providers/Microsoft.Network/virtualNetworks/vnt-dev-r1-01",
            "location": "australiasoutheast",
            "name": "vnt-dev-r1-01",
            "resource_group_name": "arg-dev-r1-poc-01",
            "subnet": [
              {
                "address_prefix": "10.0.1.0/24",
                "id": "/subscriptions/33026753-f02d-4d4e-9133-e9ef846aeab5/resourceGroups/arg-dev-r1-poc-01/providers/Microsoft.Network/virtualNetworks/vnt-dev-r1-01/subnets/Data",
                "name": "Data",
                "security_group": ""
              }
            ],
            "tags": {},
            "timeouts": null
          },
          "sensitive_attributes": [],
          "private": "eyJlMmJmYjczMC1lY2FhLTExZTYtOGY4OC0zNDM2M2JjN2M0YzAiOnsiY3JlYXRlIjoxODAwMDAwMDAwMDAwLCJkZWxldGUiOjE4MDAwMDAwMDAwMDAsInJlYWQiOjMwMDAwMDAwMDAwMCwidXBkYXRlIjoxODAwMDAwMDAwMDAwfX0=",
          "dependencies": [
            "azurerm_resource_group.arg"
          ]
        }
      ]
    }
  ],
  "check_results": null
}
