{
  "version": 4,
  "terraform_version": "1.8.0",
  "serial": 1,
  "lineage": "2176ec0f-a185-39c3-62ee-165b7e7303ca",
  "outputs": {
    "output_azurerm_resource_group_arg": {
      "value": "arg-dev-r1-poc-01",
      "type": "string"
    },
    "output_azurerm_resource_group_arg_location": {
      "value": "australiasoutheast",
      "type": "string"
    }
  },
  "resources": [
    {
      "mode": "managed",
      "type": "azurerm_resource_group",
      "name": "arg",
      "provider": "provider[\"registry.terraform.io/hashicorp/azurerm\"]",
      "instances": [
        {
          "schema_version": 0,
          "attributes": {
            "id": "/subscriptions/33026753-f02d-4d4e-9133-e9ef846aeab5/resourceGroups/arg-dev-r1-poc-01",
            "location": "australiasoutheast",
            "managed_by": "",
            "name": "arg-dev-r1-poc-01",
            "tags": {
              "CostCentre": "11-3552-86105-355108-0000",
              "DeploymentType": "Terraform",
              "Environment": "Development",
              "Service": "\u003cSERVICE\u003e",
              "ServiceDescription": "Azure resoruces for the SERVICE",
              "ServiceOwner": "Matt Stokeld",
              "ServiceOwnerGroup": "IMTD - Infrastructure Engineering",
              "TechnicalContact": "Ravneet Chalana",
              "TechnicalContactGroup": "IMTD - Infrastructure Engineering"
            },
            "timeouts": null
          },
          "sensitive_attributes": [],
          "private": "eyJlMmJmYjczMC1lY2FhLTExZTYtOGY4OC0zNDM2M2JjN2M0YzAiOnsiY3JlYXRlIjo1NDAwMDAwMDAwMDAwLCJkZWxldGUiOjU0MDAwMDAwMDAwMDAsInJlYWQiOjMwMDAwMDAwMDAwMCwidXBkYXRlIjo1NDAwMDAwMDAwMDAwfX0="
        }
      ]
    }
  ],
  "check_results": null
}
