{
  "version": 4,
  "terraform_version": "1.8.0",
  "serial": 13,
  "lineage": "1ae40f6b-0e4d-039f-8cee-3220e03a571c",
  "outputs": {
    "output_azurerm_resource_group_arg": {
      "value": "arg-dev-r1-poc-01",
      "type": "string"
    },
    "output_azurerm_resource_group_arg_location": {
      "value": "australiasoutheast",
      "type": "string"
    }
  },
  "resources": [
    {
      "mode": "managed",
      "type": "azurerm_resource_group",
      "name": "arg",
      "provider": "provider[\"registry.terraform.io/hashicorp/azurerm\"]",
      "instances": [
        {
          "schema_version": 0,
          "attributes": {
            "id": "/subscriptions/33026753-f02d-4d4e-9133-e9ef846aeab5/resourceGroups/arg-dev-r1-poc-01",
            "location": "australiasoutheast",
            "managed_by": "",
            "name": "arg-dev-r1-poc-01",
            "tags": {
              "CostCentre": "11-3552-86105-355108-0000",
              "DeploymentType": "Terraform",
              "Environment": "Development",
              "Service": "\u003cSERVICE\u003e",
              "ServiceDescription": "Azure resoruces for the SERVICE",
              "ServiceOwner": "Matt Stokeld",
              "ServiceOwnerGroup": "IMTD - Infrastructure Engineering",
              "TechnicalContact": "Ravneet Chalana",
              "TechnicalContactGroup": "IMTD - Infrastructure Engineering"
            },
            "timeouts": null
          },
          "sensitive_attributes": [],
          "private": "eyJlMmJmYjczMC1lY2FhLTExZTYtOGY4OC0zNDM2M2JjN2M0YzAiOnsiY3JlYXRlIjo1NDAwMDAwMDAwMDAwLCJkZWxldGUiOjU0MDAwMDAwMDAwMDAsInJlYWQiOjMwMDAwMDAwMDAwMCwidXBkYXRlIjo1NDAwMDAwMDAwMDAwfX0="
        }
      ]
    },
    {
      "mode": "managed",
      "type": "azurerm_subnet",
      "name": "sbnt",
      "provider": "provider[\"registry.terraform.io/hashicorp/azurerm\"]",
      "instances": [
        {
          "index_key": "App",
          "schema_version": 0,
          "attributes": {
            "address_prefixes": [
              "10.9.124.0/24"
            ],
            "delegation": [],
            "enforce_private_link_endpoint_network_policies": false,
            "enforce_private_link_service_network_policies": false,
            "id": "/subscriptions/33026753-f02d-4d4e-9133-e9ef846aeab5/resourceGroups/arg-dev-r1-poc-01/providers/Microsoft.Network/virtualNetworks/vnt-dev-r1-01/subnets/App",
            "name": "App",
            "private_endpoint_network_policies_enabled": true,
            "private_link_service_network_policies_enabled": true,
            "resource_group_name": "arg-dev-r1-poc-01",
            "service_endpoint_policy_ids": null,
            "service_endpoints": null,
            "timeouts": null,
            "virtual_network_name": "vnt-dev-r1-01"
          },
          "sensitive_attributes": [],
          "private": "eyJlMmJmYjczMC1lY2FhLTExZTYtOGY4OC0zNDM2M2JjN2M0YzAiOnsiY3JlYXRlIjoxODAwMDAwMDAwMDAwLCJkZWxldGUiOjE4MDAwMDAwMDAwMDAsInJlYWQiOjMwMDAwMDAwMDAwMCwidXBkYXRlIjoxODAwMDAwMDAwMDAwfX0=",
          "dependencies": [
            "azurerm_resource_group.arg",
            "azurerm_virtual_network.vnt"
          ]
        },
        {
          "index_key": "Data",
          "schema_version": 0,
          "attributes": {
            "address_prefixes": [
              "10.9.126.0/24"
            ],
            "delegation": [],
            "enforce_private_link_endpoint_network_policies": false,
            "enforce_private_link_service_network_policies": false,
            "id": "/subscriptions/33026753-f02d-4d4e-9133-e9ef846aeab5/resourceGroups/arg-dev-r1-poc-01/providers/Microsoft.Network/virtualNetworks/vnt-dev-r1-01/subnets/Data",
            "name": "Data",
            "private_endpoint_network_policies_enabled": true,
            "private_link_service_network_policies_enabled": true,
            "resource_group_name": "arg-dev-r1-poc-01",
            "service_endpoint_policy_ids": null,
            "service_endpoints": null,
            "timeouts": null,
            "virtual_network_name": "vnt-dev-r1-01"
          },
          "sensitive_attributes": [],
          "private": "eyJlMmJmYjczMC1lY2FhLTExZTYtOGY4OC0zNDM2M2JjN2M0YzAiOnsiY3JlYXRlIjoxODAwMDAwMDAwMDAwLCJkZWxldGUiOjE4MDAwMDAwMDAwMDAsInJlYWQiOjMwMDAwMDAwMDAwMCwidXBkYXRlIjoxODAwMDAwMDAwMDAwfX0=",
          "dependencies": [
            "azurerm_resource_group.arg",
            "azurerm_virtual_network.vnt"
          ]
        },
        {
          "index_key": "Inside-LB",
          "schema_version": 0,
          "attributes": {
            "address_prefixes": [
              "10.9.113.0/24"
            ],
            "delegation": [],
            "enforce_private_link_endpoint_network_policies": false,
            "enforce_private_link_service_network_policies": false,
            "id": "/subscriptions/33026753-f02d-4d4e-9133-e9ef846aeab5/resourceGroups/arg-dev-r1-poc-01/providers/Microsoft.Network/virtualNetworks/vnt-dev-r1-01/subnets/Inside-LB",
            "name": "Inside-LB",
            "private_endpoint_network_policies_enabled": true,
            "private_link_service_network_policies_enabled": true,
            "resource_group_name": "arg-dev-r1-poc-01",
            "service_endpoint_policy_ids": null,
            "service_endpoints": null,
            "timeouts": null,
            "virtual_network_name": "vnt-dev-r1-01"
          },
          "sensitive_attributes": [],
          "private": "eyJlMmJmYjczMC1lY2FhLTExZTYtOGY4OC0zNDM2M2JjN2M0YzAiOnsiY3JlYXRlIjoxODAwMDAwMDAwMDAwLCJkZWxldGUiOjE4MDAwMDAwMDAwMDAsInJlYWQiOjMwMDAwMDAwMDAwMCwidXBkYXRlIjoxODAwMDAwMDAwMDAwfX0=",
          "dependencies": [
            "azurerm_resource_group.arg",
            "azurerm_virtual_network.vnt"
          ]
        },
        {
          "index_key": "Management",
          "schema_version": 0,
          "attributes": {
            "address_prefixes": [
              "10.9.114.0/24"
            ],
            "delegation": [],
            "enforce_private_link_endpoint_network_policies": false,
            "enforce_private_link_service_network_policies": false,
            "id": "/subscriptions/33026753-f02d-4d4e-9133-e9ef846aeab5/resourceGroups/arg-dev-r1-poc-01/providers/Microsoft.Network/virtualNetworks/vnt-dev-r1-01/subnets/Management",
            "name": "Management",
            "private_endpoint_network_policies_enabled": true,
            "private_link_service_network_policies_enabled": true,
            "resource_group_name": "arg-dev-r1-poc-01",
            "service_endpoint_policy_ids": null,
            "service_endpoints": null,
            "timeouts": null,
            "virtual_network_name": "vnt-dev-r1-01"
          },
          "sensitive_attributes": [],
          "private": "eyJlMmJmYjczMC1lY2FhLTExZTYtOGY4OC0zNDM2M2JjN2M0YzAiOnsiY3JlYXRlIjoxODAwMDAwMDAwMDAwLCJkZWxldGUiOjE4MDAwMDAwMDAwMDAsInJlYWQiOjMwMDAwMDAwMDAwMCwidXBkYXRlIjoxODAwMDAwMDAwMDAwfX0=",
          "dependencies": [
            "azurerm_resource_group.arg",
            "azurerm_virtual_network.vnt"
          ]
        },
        {
          "index_key": "Outside-LB-FW1",
          "schema_version": 0,
          "attributes": {
            "address_prefixes": [
              "10.9.112.0/28"
            ],
            "delegation": [],
            "enforce_private_link_endpoint_network_policies": false,
            "enforce_private_link_service_network_policies": false,
            "id": "/subscriptions/33026753-f02d-4d4e-9133-e9ef846aeab5/resourceGroups/arg-dev-r1-poc-01/providers/Microsoft.Network/virtualNetworks/vnt-dev-r1-01/subnets/Outside-LB-FW1",
            "name": "Outside-LB-FW1",
            "private_endpoint_network_policies_enabled": true,
            "private_link_service_network_policies_enabled": true,
            "resource_group_name": "arg-dev-r1-poc-01",
            "service_endpoint_policy_ids": null,
            "service_endpoints": null,
            "timeouts": null,
            "virtual_network_name": "vnt-dev-r1-01"
          },
          "sensitive_attributes": [],
          "private": "eyJlMmJmYjczMC1lY2FhLTExZTYtOGY4OC0zNDM2M2JjN2M0YzAiOnsiY3JlYXRlIjoxODAwMDAwMDAwMDAwLCJkZWxldGUiOjE4MDAwMDAwMDAwMDAsInJlYWQiOjMwMDAwMDAwMDAwMCwidXBkYXRlIjoxODAwMDAwMDAwMDAwfX0=",
          "dependencies": [
            "azurerm_resource_group.arg",
            "azurerm_virtual_network.vnt"
          ]
        },
        {
          "index_key": "Outside-LB-FW2",
          "schema_version": 0,
          "attributes": {
            "address_prefixes": [
              "10.9.112.16/28"
            ],
            "delegation": [],
            "enforce_private_link_endpoint_network_policies": false,
            "enforce_private_link_service_network_policies": false,
            "id": "/subscriptions/33026753-f02d-4d4e-9133-e9ef846aeab5/resourceGroups/arg-dev-r1-poc-01/providers/Microsoft.Network/virtualNetworks/vnt-dev-r1-01/subnets/Outside-LB-FW2",
            "name": "Outside-LB-FW2",
            "private_endpoint_network_policies_enabled": true,
            "private_link_service_network_policies_enabled": true,
            "resource_group_name": "arg-dev-r1-poc-01",
            "service_endpoint_policy_ids": null,
            "service_endpoints": null,
            "timeouts": null,
            "virtual_network_name": "vnt-dev-r1-01"
          },
          "sensitive_attributes": [],
          "private": "eyJlMmJmYjczMC1lY2FhLTExZTYtOGY4OC0zNDM2M2JjN2M0YzAiOnsiY3JlYXRlIjoxODAwMDAwMDAwMDAwLCJkZWxldGUiOjE4MDAwMDAwMDAwMDAsInJlYWQiOjMwMDAwMDAwMDAwMCwidXBkYXRlIjoxODAwMDAwMDAwMDAwfX0=",
          "dependencies": [
            "azurerm_resource_group.arg",
            "azurerm_virtual_network.vnt"
          ]
        },
        {
          "index_key": "Outside-LB-FW3",
          "schema_version": 0,
          "attributes": {
            "address_prefixes": [
              "10.9.112.32/28"
            ],
            "delegation": [],
            "enforce_private_link_endpoint_network_policies": false,
            "enforce_private_link_service_network_policies": false,
            "id": "/subscriptions/33026753-f02d-4d4e-9133-e9ef846aeab5/resourceGroups/arg-dev-r1-poc-01/providers/Microsoft.Network/virtualNetworks/vnt-dev-r1-01/subnets/Outside-LB-FW3",
            "name": "Outside-LB-FW3",
            "private_endpoint_network_policies_enabled": true,
            "private_link_service_network_policies_enabled": true,
            "resource_group_name": "arg-dev-r1-poc-01",
            "service_endpoint_policy_ids": null,
            "service_endpoints": null,
            "timeouts": null,
            "virtual_network_name": "vnt-dev-r1-01"
          },
          "sensitive_attributes": [],
          "private": "eyJlMmJmYjczMC1lY2FhLTExZTYtOGY4OC0zNDM2M2JjN2M0YzAiOnsiY3JlYXRlIjoxODAwMDAwMDAwMDAwLCJkZWxldGUiOjE4MDAwMDAwMDAwMDAsInJlYWQiOjMwMDAwMDAwMDAwMCwidXBkYXRlIjoxODAwMDAwMDAwMDAwfX0=",
          "dependencies": [
            "azurerm_resource_group.arg",
            "azurerm_virtual_network.vnt"
          ]
        },
        {
          "index_key": "Outside-LB-FW4",
          "schema_version": 0,
          "attributes": {
            "address_prefixes": [
              "10.9.112.48/28"
            ],
            "delegation": [],
            "enforce_private_link_endpoint_network_policies": false,
            "enforce_private_link_service_network_policies": false,
            "id": "/subscriptions/33026753-f02d-4d4e-9133-e9ef846aeab5/resourceGroups/arg-dev-r1-poc-01/providers/Microsoft.Network/virtualNetworks/vnt-dev-r1-01/subnets/Outside-LB-FW4",
            "name": "Outside-LB-FW4",
            "private_endpoint_network_policies_enabled": true,
            "private_link_service_network_policies_enabled": true,
            "resource_group_name": "arg-dev-r1-poc-01",
            "service_endpoint_policy_ids": null,
            "service_endpoints": null,
            "timeouts": null,
            "virtual_network_name": "vnt-dev-r1-01"
          },
          "sensitive_attributes": [],
          "private": "eyJlMmJmYjczMC1lY2FhLTExZTYtOGY4OC0zNDM2M2JjN2M0YzAiOnsiY3JlYXRlIjoxODAwMDAwMDAwMDAwLCJkZWxldGUiOjE4MDAwMDAwMDAwMDAsInJlYWQiOjMwMDAwMDAwMDAwMCwidXBkYXRlIjoxODAwMDAwMDAwMDAwfX0=",
          "dependencies": [
            "azurerm_resource_group.arg",
            "azurerm_virtual_network.vnt"
          ]
        },
        {
          "index_key": "Outside-LB-FW5",
          "schema_version": 0,
          "attributes": {
            "address_prefixes": [
              "10.9.112.64/28"
            ],
            "delegation": [],
            "enforce_private_link_endpoint_network_policies": false,
            "enforce_private_link_service_network_policies": false,
            "id": "/subscriptions/33026753-f02d-4d4e-9133-e9ef846aeab5/resourceGroups/arg-dev-r1-poc-01/providers/Microsoft.Network/virtualNetworks/vnt-dev-r1-01/subnets/Outside-LB-FW5",
            "name": "Outside-LB-FW5",
            "private_endpoint_network_policies_enabled": true,
            "private_link_service_network_policies_enabled": true,
            "resource_group_name": "arg-dev-r1-poc-01",
            "service_endpoint_policy_ids": null,
            "service_endpoints": null,
            "timeouts": null,
            "virtual_network_name": "vnt-dev-r1-01"
          },
          "sensitive_attributes": [],
          "private": "eyJlMmJmYjczMC1lY2FhLTExZTYtOGY4OC0zNDM2M2JjN2M0YzAiOnsiY3JlYXRlIjoxODAwMDAwMDAwMDAwLCJkZWxldGUiOjE4MDAwMDAwMDAwMDAsInJlYWQiOjMwMDAwMDAwMDAwMCwidXBkYXRlIjoxODAwMDAwMDAwMDAwfX0=",
          "dependencies": [
            "azurerm_resource_group.arg",
            "azurerm_virtual_network.vnt"
          ]
        },
        {
          "index_key": "Web",
          "schema_version": 0,
          "attributes": {
            "address_prefixes": [
              "10.9.122.0/24"
            ],
            "delegation": [],
            "enforce_private_link_endpoint_network_policies": false,
            "enforce_private_link_service_network_policies": false,
            "id": "/subscriptions/33026753-f02d-4d4e-9133-e9ef846aeab5/resourceGroups/arg-dev-r1-poc-01/providers/Microsoft.Network/virtualNetworks/vnt-dev-r1-01/subnets/Web",
            "name": "Web",
            "private_endpoint_network_policies_enabled": true,
            "private_link_service_network_policies_enabled": true,
            "resource_group_name": "arg-dev-r1-poc-01",
            "service_endpoint_policy_ids": null,
            "service_endpoints": null,
            "timeouts": null,
            "virtual_network_name": "vnt-dev-r1-01"
          },
          "sensitive_attributes": [],
          "private": "eyJlMmJmYjczMC1lY2FhLTExZTYtOGY4OC0zNDM2M2JjN2M0YzAiOnsiY3JlYXRlIjoxODAwMDAwMDAwMDAwLCJkZWxldGUiOjE4MDAwMDAwMDAwMDAsInJlYWQiOjMwMDAwMDAwMDAwMCwidXBkYXRlIjoxODAwMDAwMDAwMDAwfX0=",
          "dependencies": [
            "azurerm_resource_group.arg",
            "azurerm_virtual_network.vnt"
          ]
        }
      ]
    },
    {
      "mode": "managed",
      "type": "azurerm_virtual_network",
      "name": "vnt",
      "provider": "provider[\"registry.terraform.io/hashicorp/azurerm\"]",
      "instances": [
        {
          "schema_version": 0,
          "attributes": {
            "address_space": [
              "10.9.112.0/20"
            ],
            "bgp_community": "",
            "ddos_protection_plan": [],
            "dns_servers": [
              "10.9.62.4",
              "10.9.62.5",
              "10.9.174.4",
              "10.9.174.5"
            ],
            "edge_zone": "",
            "encryption": [],
            "flow_timeout_in_minutes": 0,
            "guid": "3a428dec-cd6c-4a7e-b090-430520bd8f2c",
            "id": "/subscriptions/33026753-f02d-4d4e-9133-e9ef846aeab5/resourceGroups/arg-dev-r1-poc-01/providers/Microsoft.Network/virtualNetworks/vnt-dev-r1-01",
            "location": "australiasoutheast",
            "name": "vnt-dev-r1-01",
            "resource_group_name": "arg-dev-r1-poc-01",
            "subnet": [],
            "tags": {
              "CostCentre": "11-3552-86105-355108-0000",
              "Environment": "Development",
              "ManagedBy": "Terraform",
              "Service": "\u003cSERVICE\u003e",
              "ServiceDescription": "Azure resoruces for the SERVICE",
              "ServiceOwner": "Matt Stokeld",
              "ServiceOwnerGroup": "IMTD - Infrastructure Engineering",
              "TechnicalContact": "Ravneet Chalana",
              "TechnicalContactGroup": "IMTD - Infrastructure Engineering"
            },
            "timeouts": null
          },
          "sensitive_attributes": [],
          "private": "eyJlMmJmYjczMC1lY2FhLTExZTYtOGY4OC0zNDM2M2JjN2M0YzAiOnsiY3JlYXRlIjoxODAwMDAwMDAwMDAwLCJkZWxldGUiOjE4MDAwMDAwMDAwMDAsInJlYWQiOjMwMDAwMDAwMDAwMCwidXBkYXRlIjoxODAwMDAwMDAwMDAwfX0=",
          "dependencies": [
            "azurerm_resource_group.arg"
          ]
        }
      ]
    }
  ],
  "check_results": null
}
