{
  "version": 4,
  "terraform_version": "1.8.0",
  "serial": 30,
  "lineage": "847d9e0f-ab7c-59a8-8192-7d425e6cfc1d",
  "outputs": {},
  "resources": [
    {
      "mode": "data",
      "type": "azurerm_client_config",
      "name": "current",
      "provider": "provider[\"registry.terraform.io/hashicorp/azurerm\"]",
      "instances": [
        {
          "schema_version": 0,
          "attributes": {
            "client_id": "04b07795-8ddb-461a-bbee-02f9e1bf7b46",
            "id": "Y2xpZW50Q29uZmlncy9jbGllbnRJZD0wNGIwNzc5NS04ZGRiLTQ2MWEtYmJlZS0wMmY5ZTFiZjdiNDY7b2JqZWN0SWQ9YjZkZmJmNzQtMzU3Ny00ZjY5LWJjMjUtMjc2NjJiMDIxNTkwO3N1YnNjcmlwdGlvbklkPTMzMDI2NzUzLWYwMmQtNGQ0ZS05MTMzLWU5ZWY4NDZhZWFiNTt0ZW5hbnRJZD0xZGI1YjFlOS1lNTA3LTRmZjItODIyYi0zOTU3NTEwODczYjI=",
            "object_id": "b6dfbf74-3577-4f69-bc25-27662b021590",
            "subscription_id": "33026753-f02d-4d4e-9133-e9ef846aeab5",
            "tenant_id": "1db5b1e9-e507-4ff2-822b-3957510873b2",
            "timeouts": null
          },
          "sensitive_attributes": []
        }
      ]
    },
    {
      "mode": "managed",
      "type": "azurerm_key_vault",
      "name": "akv",
      "provider": "provider[\"registry.terraform.io/hashicorp/azurerm\"].CoreServices",
      "instances": [
        {
          "schema_version": 2,
          "attributes": {
            "access_policy": [
              {
                "application_id": "",
                "certificate_permissions": [],
                "key_permissions": [
                  "Get",
                  "List",
                  "Create",
                  "Delete"
                ],
                "object_id": "b6dfbf74-3577-4f69-bc25-27662b021590",
                "secret_permissions": [
                  "Get",
                  "List",
                  "Delete",
                  "Set",
                  "Restore"
                ],
                "storage_permissions": [],
                "tenant_id": "1db5b1e9-e507-4ff2-822b-3957510873b2"
              }
            ],
            "contact": [],
            "enable_rbac_authorization": false,
            "enabled_for_deployment": false,
            "enabled_for_disk_encryption": false,
            "enabled_for_template_deployment": false,
            "id": "/subscriptions/33026753-f02d-4d4e-9133-e9ef846aeab5/resourceGroups/arg-dev-r1-poc-01/providers/Microsoft.KeyVault/vaults/detestapril2024",
            "location": "australiasoutheast",
            "name": "detestapril2024",
            "network_acls": [
              {
                "bypass": "AzureServices",
                "default_action": "Allow",
                "ip_rules": [],
                "virtual_network_subnet_ids": []
              }
            ],
            "public_network_access_enabled": true,
            "purge_protection_enabled": false,
            "resource_group_name": "arg-dev-r1-poc-01",
            "sku_name": "standard",
            "soft_delete_retention_days": 90,
            "tags": {},
            "tenant_id": "1db5b1e9-e507-4ff2-822b-3957510873b2",
            "timeouts": null,
            "vault_uri": "https://detestapril2024.vault.azure.net/"
          },
          "sensitive_attributes": [],
          "private": "eyJlMmJmYjczMC1lY2FhLTExZTYtOGY4OC0zNDM2M2JjN2M0YzAiOnsiY3JlYXRlIjoxODAwMDAwMDAwMDAwLCJkZWxldGUiOjE4MDAwMDAwMDAwMDAsInJlYWQiOjMwMDAwMDAwMDAwMCwidXBkYXRlIjoxODAwMDAwMDAwMDAwfSwic2NoZW1hX3ZlcnNpb24iOiIyIn0=",
          "dependencies": [
            "azurerm_resource_group.arg",
            "data.azurerm_client_config.current"
          ]
        }
      ]
    },
    {
      "mode": "managed",
      "type": "azurerm_key_vault_secret",
      "name": "domainjoinpassword",
      "provider": "provider[\"registry.terraform.io/hashicorp/azurerm\"].CoreServices",
      "instances": [
        {
          "schema_version": 0,
          "attributes": {
            "content_type": "",
            "expiration_date": null,
            "id": "https://detestapril2024.vault.azure.net/secrets/domainJoinUserPassword/9ee81d8df7ab4b51b4b22aeaf10c6146",
            "key_vault_id": "/subscriptions/33026753-f02d-4d4e-9133-e9ef846aeab5/resourceGroups/arg-dev-r1-poc-01/providers/Microsoft.KeyVault/vaults/detestapril2024",
            "name": "domainJoinUserPassword",
            "not_before_date": null,
            "resource_id": "/subscriptions/33026753-f02d-4d4e-9133-e9ef846aeab5/resourceGroups/arg-dev-r1-poc-01/providers/Microsoft.KeyVault/vaults/detestapril2024/secrets/domainJoinUserPassword/versions/9ee81d8df7ab4b51b4b22aeaf10c6146",
            "resource_versionless_id": "/subscriptions/33026753-f02d-4d4e-9133-e9ef846aeab5/resourceGroups/arg-dev-r1-poc-01/providers/Microsoft.KeyVault/vaults/detestapril2024/secrets/domainJoinUserPassword",
            "tags": {},
            "timeouts": null,
            "value": "Bluebird@134",
            "version": "9ee81d8df7ab4b51b4b22aeaf10c6146",
            "versionless_id": "https://detestapril2024.vault.azure.net/secrets/domainJoinUserPassword"
          },
          "sensitive_attributes": [
            [
              {
                "type": "get_attr",
                "value": "value"
              }
            ]
          ],
          "private": "eyJlMmJmYjczMC1lY2FhLTExZTYtOGY4OC0zNDM2M2JjN2M0YzAiOnsiY3JlYXRlIjoxODAwMDAwMDAwMDAwLCJkZWxldGUiOjE4MDAwMDAwMDAwMDAsInJlYWQiOjE4MDAwMDAwMDAwMDAsInVwZGF0ZSI6MTgwMDAwMDAwMDAwMH19",
          "dependencies": [
            "azurerm_key_vault.akv",
            "azurerm_resource_group.arg",
            "data.azurerm_client_config.current"
          ]
        }
      ]
    },
    {
      "mode": "managed",
      "type": "azurerm_key_vault_secret",
      "name": "domainjoinuser",
      "provider": "provider[\"registry.terraform.io/hashicorp/azurerm\"].CoreServices",
      "instances": [
        {
          "schema_version": 0,
          "attributes": {
            "content_type": "",
            "expiration_date": null,
            "id": "https://detestapril2024.vault.azure.net/secrets/domainJoinUser/7553efe4e74d471e951f78f0c5ec2de0",
            "key_vault_id": "/subscriptions/33026753-f02d-4d4e-9133-e9ef846aeab5/resourceGroups/arg-dev-r1-poc-01/providers/Microsoft.KeyVault/vaults/detestapril2024",
            "name": "domainJoinUser",
            "not_before_date": null,
            "resource_id": "/subscriptions/33026753-f02d-4d4e-9133-e9ef846aeab5/resourceGroups/arg-dev-r1-poc-01/providers/Microsoft.KeyVault/vaults/detestapril2024/secrets/domainJoinUser/versions/7553efe4e74d471e951f78f0c5ec2de0",
            "resource_versionless_id": "/subscriptions/33026753-f02d-4d4e-9133-e9ef846aeab5/resourceGroups/arg-dev-r1-poc-01/providers/Microsoft.KeyVault/vaults/detestapril2024/secrets/domainJoinUser",
            "tags": {},
            "timeouts": null,
            "value": "szechuan",
            "version": "7553efe4e74d471e951f78f0c5ec2de0",
            "versionless_id": "https://detestapril2024.vault.azure.net/secrets/domainJoinUser"
          },
          "sensitive_attributes": [
            [
              {
                "type": "get_attr",
                "value": "value"
              }
            ]
          ],
          "private": "eyJlMmJmYjczMC1lY2FhLTExZTYtOGY4OC0zNDM2M2JjN2M0YzAiOnsiY3JlYXRlIjoxODAwMDAwMDAwMDAwLCJkZWxldGUiOjE4MDAwMDAwMDAwMDAsInJlYWQiOjE4MDAwMDAwMDAwMDAsInVwZGF0ZSI6MTgwMDAwMDAwMDAwMH19",
          "dependencies": [
            "azurerm_key_vault.akv",
            "azurerm_resource_group.arg",
            "data.azurerm_client_config.current"
          ]
        }
      ]
    },
    {
      "mode": "managed",
      "type": "azurerm_key_vault_secret",
      "name": "vmsecret",
      "provider": "provider[\"registry.terraform.io/hashicorp/azurerm\"].CoreServices",
      "instances": [
        {
          "schema_version": 0,
          "attributes": {
            "content_type": "",
            "expiration_date": null,
            "id": "https://detestapril2024.vault.azure.net/secrets/vmAdminPassword/93609fa29abf4167ba3d40ef787d932a",
            "key_vault_id": "/subscriptions/33026753-f02d-4d4e-9133-e9ef846aeab5/resourceGroups/arg-dev-r1-poc-01/providers/Microsoft.KeyVault/vaults/detestapril2024",
            "name": "vmAdminPassword",
            "not_before_date": null,
            "resource_id": "/subscriptions/33026753-f02d-4d4e-9133-e9ef846aeab5/resourceGroups/arg-dev-r1-poc-01/providers/Microsoft.KeyVault/vaults/detestapril2024/secrets/vmAdminPassword/versions/93609fa29abf4167ba3d40ef787d932a",
            "resource_versionless_id": "/subscriptions/33026753-f02d-4d4e-9133-e9ef846aeab5/resourceGroups/arg-dev-r1-poc-01/providers/Microsoft.KeyVault/vaults/detestapril2024/secrets/vmAdminPassword",
            "tags": {},
            "timeouts": null,
            "value": "Bluebird@134",
            "version": "93609fa29abf4167ba3d40ef787d932a",
            "versionless_id": "https://detestapril2024.vault.azure.net/secrets/vmAdminPassword"
          },
          "sensitive_attributes": [
            [
              {
                "type": "get_attr",
                "value": "value"
              }
            ]
          ],
          "private": "eyJlMmJmYjczMC1lY2FhLTExZTYtOGY4OC0zNDM2M2JjN2M0YzAiOnsiY3JlYXRlIjoxODAwMDAwMDAwMDAwLCJkZWxldGUiOjE4MDAwMDAwMDAwMDAsInJlYWQiOjE4MDAwMDAwMDAwMDAsInVwZGF0ZSI6MTgwMDAwMDAwMDAwMH19",
          "dependencies": [
            "azurerm_key_vault.akv",
            "azurerm_resource_group.arg",
            "data.azurerm_client_config.current"
          ]
        }
      ]
    },
    {
      "mode": "managed",
      "type": "azurerm_resource_group",
      "name": "arg",
      "provider": "provider[\"registry.terraform.io/hashicorp/azurerm\"]",
      "instances": [
        {
          "schema_version": 0,
          "attributes": {
            "id": "/subscriptions/33026753-f02d-4d4e-9133-e9ef846aeab5/resourceGroups/arg-dev-r1-poc-01",
            "location": "australiasoutheast",
            "managed_by": "",
            "name": "arg-dev-r1-poc-01",
            "tags": {
              "CostCentre": "11-3552-86105-355108-0000",
              "DeploymentType": "Terraform",
              "Environment": "Development",
              "Service": "\u003cSERVICE\u003e",
              "ServiceDescription": "Azure resources for the SERVICE",
              "ServiceOwner": "Matt Stokeld",
              "ServiceOwnerGroup": "IMTD - Infrastructure Engineering",
              "TechnicalContact": "Ravneet Chalana",
              "TechnicalContactGroup": "IMTD - Infrastructure Engineering"
            },
            "timeouts": null
          },
          "sensitive_attributes": [],
          "private": "eyJlMmJmYjczMC1lY2FhLTExZTYtOGY4OC0zNDM2M2JjN2M0YzAiOnsiY3JlYXRlIjo1NDAwMDAwMDAwMDAwLCJkZWxldGUiOjU0MDAwMDAwMDAwMDAsInJlYWQiOjMwMDAwMDAwMDAwMCwidXBkYXRlIjo1NDAwMDAwMDAwMDAwfX0="
        }
      ]
    }
  ],
  "check_results": null
}
